
Microsoft Visual Studio Solution File, Format Version 12.00
# Visual Studio Version 17
VisualStudioVersion = 17.14.36518.9 d17.14
MinimumVisualStudioVersion = 10.0.40219.1
Project("{FAE04EC0-301F-11D3-BF4B-00C04F79EFBC}") = "MyFirstApi", "MyFirstApi\MyFirstApi.csproj", "{E81754FB-123E-4AA2-BA80-5C1B0A80E3FC}"
EndProject
Global
	GlobalSection(SolutionConfigurationPlatforms) = preSolution
		Debug|Any CPU = Debug|Any CPU
		Release|Any CPU = Release|Any CPU
	EndGlobalSection
	GlobalSection(ProjectConfigurationPlatforms) = postSolution
		{E81754FB-123E-4AA2-BA80-5C1B0A80E3FC}.Debug|Any CPU.ActiveCfg = Debug|Any CPU
		{E81754FB-123E-4AA2-BA80-5C1B0A80E3FC}.Debug|Any CPU.Build.0 = Debug|Any CPU
		{E81754FB-123E-4AA2-BA80-5C1B0A80E3FC}.Release|Any CPU.ActiveCfg = Release|Any CPU
		{E81754FB-123E-4AA2-BA80-5C1B0A80E3FC}.Release|Any CPU.Build.0 = Release|Any CPU
	EndGlobalSection
	GlobalSection(SolutionProperties) = preSolution
		HideSolutionNode = FALSE
	EndGlobalSection
	GlobalSection(ExtensibilityGlobals) = postSolution
		SolutionGuid = {605C20B2-7E85-40BA-8EE9-6D35C3CAC983}
	EndGlobalSection
EndGlobal
